
Microsoft Visual Studio Solution File, Format Version 12.00
# Visual Studio Version 17
VisualStudioVersion = 17.5.33414.496
MinimumVisualStudioVersion = 10.0.40219.1
Project("{8BC9CEB8-8B4A-11D0-8D11-00A0C91BC942}") = "Lab5.Ex2ab", "Lab5.Ex2ab.vcxproj", "{78194EB4-A522-4C98-9C8F-5EC49FAB309A}"
EndProject
Global
	GlobalSection(SolutionConfigurationPlatforms) = preSolution
		Debug|x64 = Debug|x64
		Debug|x86 = Debug|x86
		Release|x64 = Release|x64
		Release|x86 = Release|x86
	EndGlobalSection
	GlobalSection(ProjectConfigurationPlatforms) = postSolution
		{78194EB4-A522-4C98-9C8F-5EC49FAB309A}.Debug|x64.ActiveCfg = Debug|x64
		{78194EB4-A522-4C98-9C8F-5EC49FAB309A}.Debug|x64.Build.0 = Debug|x64
		{78194EB4-A522-4C98-9C8F-5EC49FAB309A}.Debug|x86.ActiveCfg = Debug|Win32
		{78194EB4-A522-4C98-9C8F-5EC49FAB309A}.Debug|x86.Build.0 = Debug|Win32
		{78194EB4-A522-4C98-9C8F-5EC49FAB309A}.Release|x64.ActiveCfg = Release|x64
		{78194EB4-A522-4C98-9C8F-5EC49FAB309A}.Release|x64.Build.0 = Release|x64
		{78194EB4-A522-4C98-9C8F-5EC49FAB309A}.Release|x86.ActiveCfg = Release|Win32
		{78194EB4-A522-4C98-9C8F-5EC49FAB309A}.Release|x86.Build.0 = Release|Win32
	EndGlobalSection
	GlobalSection(SolutionProperties) = preSolution
		HideSolutionNode = FALSE
	EndGlobalSection
	GlobalSection(ExtensibilityGlobals) = postSolution
		SolutionGuid = {95BEBC40-158E-4CBD-827A-4C55CBB76B54}
	EndGlobalSection
EndGlobal
